
Microsoft Visual Studio Solution File, Format Version 12.00
# Visual Studio Version 16
VisualStudioVersion = 16.0.29306.81
MinimumVisualStudioVersion = 10.0.40219.1
Project("{8BC9CEB8-8B4A-11D0-8D11-00A0C91BC942}") = "Pen_r", "Pen_r.vcxproj", "{4DCB08A6-133F-4DF3-9430-14579111DFF8}"
EndProject
Global
	GlobalSection(SolutionConfigurationPlatforms) = preSolution
		Debug|x64 = Debug|x64
		Debug|x86 = Debug|x86
		Release|x64 = Release|x64
		Release|x86 = Release|x86
	EndGlobalSection
	GlobalSection(ProjectConfigurationPlatforms) = postSolution
		{4DCB08A6-133F-4DF3-9430-14579111DFF8}.Debug|x64.ActiveCfg = Debug|x64
		{4DCB08A6-133F-4DF3-9430-14579111DFF8}.Debug|x64.Build.0 = Debug|x64
		{4DCB08A6-133F-4DF3-9430-14579111DFF8}.Debug|x86.ActiveCfg = Debug|Win32
		{4DCB08A6-133F-4DF3-9430-14579111DFF8}.Debug|x86.Build.0 = Debug|Win32
		{4DCB08A6-133F-4DF3-9430-14579111DFF8}.Release|x64.ActiveCfg = Release|x64
		{4DCB08A6-133F-4DF3-9430-14579111DFF8}.Release|x64.Build.0 = Release|x64
		{4DCB08A6-133F-4DF3-9430-14579111DFF8}.Release|x86.ActiveCfg = Release|Win32
		{4DCB08A6-133F-4DF3-9430-14579111DFF8}.Release|x86.Build.0 = Release|Win32
	EndGlobalSection
	GlobalSection(SolutionProperties) = preSolution
		HideSolutionNode = FALSE
	EndGlobalSection
	GlobalSection(ExtensibilityGlobals) = postSolution
		SolutionGuid = {F5C7A4F7-B0D2-48F6-9CCA-3559084B1979}
	EndGlobalSection
EndGlobal
